# THIS IS AN AUTOGENERATED FILE. DO NOT EDIT THIS FILE DIRECTLY.
# yarn lockfile v1


daisyui@^5.0.50:
  version "5.0.50"
  resolved "https://registry.yarnpkg.com/daisyui/-/daisyui-5.0.50.tgz#764da931c9cdad22114e054c8af6d410326cc226"
  integrity sha512-c1PweK5RI1C76q58FKvbS4jzgyNJSP6CGTQ+KkZYzADdJoERnOxFoeLfDHmQgxLpjEzlYhFMXCeodQNLCC9bow==
